{
    "name": "@cerioom/nats",
    "version": "0.10.15",
    "lockfileVersion": 1,
    "requires": true,
    "dependencies": {
        "@cerioom/core": {
            "version": "0.10.15",
            "resolved": "https://registry.npmjs.org/@cerioom/core/-/core-0.10.15.tgz",
            "integrity": "sha512-qzgY5e/plt9zF8ZM9brxOEi4+8Py6lb6Ag93e6s9V/dw/qx6cMZlamrD50eIXQa99weYnyB/W5UdjCQBuwgSow==",
            "requires": {
                "lodash": "^4.17.20",
                "reflect-metadata": "^0.1.13",
                "shamirs-secret-sharing": "^1.0.1"
            }
        },
        "@cerioom/event-bus": {
            "version": "0.10.15",
            "resolved": "https://registry.npmjs.org/@cerioom/event-bus/-/event-bus-0.10.15.tgz",
            "integrity": "sha512-fFt+z0DU+9jqhOX7vkWMtlfXEGFJvjaiUw6XUcOKnVtJ+MxrankWnTUTriptdH4GvJMF61c4KgkcsfeYZ3BraA==",
            "requires": {
                "@cerioom/core": "^0.10.15",
                "eventemitter2": "^6.4.4",
                "reflect-metadata": "^0.1.13"
            }
        },
        "@cerioom/resource": {
            "version": "0.10.15",
            "resolved": "https://registry.npmjs.org/@cerioom/resource/-/resource-0.10.15.tgz",
            "integrity": "sha512-bgOUOv/L2RBwLKo3WoO85H31kI2We60YybIM8ZjKPHGaAhLO+weKbYAGTC1YZHRU9j4jjHNNmq0/mwVAmPKPxw==",
            "requires": {
                "@cerioom/core": "^0.10.15",
                "reflect-metadata": "^0.1.13"
            }
        },
        "@types/node": {
            "version": "14.17.9",
            "resolved": "https://registry.npmjs.org/@types/node/-/node-14.17.9.tgz",
            "integrity": "sha512-CMjgRNsks27IDwI785YMY0KLt3co/c0cQ5foxHYv/shC2w8oOnVwz5Ubq1QG5KzrcW+AXk6gzdnxIkDnTvzu3g=="
        },
        "eventemitter2": {
            "version": "6.4.4",
            "resolved": "https://registry.npmjs.org/eventemitter2/-/eventemitter2-6.4.4.tgz",
            "integrity": "sha512-HLU3NDY6wARrLCEwyGKRBvuWYyvW6mHYv72SJJAH3iJN3a6eVUvkjFkcxah1bcTgGVBBrFdIopBJPhCQFMLyXw=="
        },
        "lodash": {
            "version": "4.17.21",
            "resolved": "https://registry.npmjs.org/lodash/-/lodash-4.17.21.tgz",
            "integrity": "sha512-v2kDEe57lecTulaDIuNTPy3Ry4gLGJ6Z1O3vE1krgXZNrsQ+LFTGHVxVjcXPs17LhbZVGedAJv8XZ1tvj5FvSg=="
        },
        "nats": {
            "version": "2.1.0",
            "resolved": "https://registry.npmjs.org/nats/-/nats-2.1.0.tgz",
            "integrity": "sha512-4SuNeQEwl3CwgnW7GyiQG82CWRrTPvPrtUp7Wi2hsmLI8PunIvitiMjwHXRMSFdMN7Cy97lguLRuORZcocVk0Q==",
            "requires": {
                "nkeys.js": "^1.0.0-9"
            }
        },
        "nkeys.js": {
            "version": "1.0.0-9",
            "resolved": "https://registry.npmjs.org/nkeys.js/-/nkeys.js-1.0.0-9.tgz",
            "integrity": "sha512-m9O0NQT+3rUe1om6MWpxV77EuHql/LdorDH+FYQkoeARcM2V0sQ89kM36fArWaHWq/25EmNmQUW0MhLTcbqW1A==",
            "requires": {
                "@types/node": "^14.0.26",
                "tweetnacl": "^1.0.3"
            }
        },
        "nuid": {
            "version": "1.1.4",
            "resolved": "https://registry.npmjs.org/nuid/-/nuid-1.1.4.tgz",
            "integrity": "sha512-PXiYyHhGfrq8H4g5HyC8enO1lz6SBe5z6x1yx/JG4tmADzDGJVQy3l1sRf3VtEvPsN8dGn9hRFRwDKWL62x0BA==",
            "dev": true
        },
        "reflect-metadata": {
            "version": "0.1.13",
            "resolved": "https://registry.npmjs.org/reflect-metadata/-/reflect-metadata-0.1.13.tgz",
            "integrity": "sha512-Ts1Y/anZELhSsjMcU605fU9RE4Oi3p5ORujwbIKXfWa+0Zxs510Qrmrce5/Jowq3cHSZSJqBjypxmHarc+vEWg=="
        },
        "shamirs-secret-sharing": {
            "version": "1.0.1",
            "resolved": "https://registry.npmjs.org/shamirs-secret-sharing/-/shamirs-secret-sharing-1.0.1.tgz",
            "integrity": "sha512-+sbTZJfis6EtDZTgkf0gSUahXDDuFRY8GK0DUw0lXqMDN54a5ywLD6D2sab45AA2SLQxTS4gB0kUmelNVaPVlA=="
        },
        "ts-nats": {
            "version": "1.2.15",
            "resolved": "https://registry.npmjs.org/ts-nats/-/ts-nats-1.2.15.tgz",
            "integrity": "sha512-5dNokE+DpCcxfmfzDEid1P9awOUo7EfIzYnL175jCi/L8NpFFjgTdwqR/DsqYBPC4dk7MrOkwrZK8tM8z+i3rw==",
            "dev": true,
            "requires": {
                "nuid": "^1.1.4",
                "ts-nkeys": "^1.0.16"
            }
        },
        "ts-nkeys": {
            "version": "1.0.16",
            "resolved": "https://registry.npmjs.org/ts-nkeys/-/ts-nkeys-1.0.16.tgz",
            "integrity": "sha512-1qrhAlavbm36wtW+7NtKOgxpzl+70NTF8xlz9mEhiA5zHMlMxjj3sEVKWm3pGZhHXE0Q3ykjrj+OSRVaYw+Dqg==",
            "dev": true,
            "requires": {
                "tweetnacl": "^1.0.3"
            }
        },
        "tweetnacl": {
            "version": "1.0.3",
            "resolved": "https://registry.npmjs.org/tweetnacl/-/tweetnacl-1.0.3.tgz",
            "integrity": "sha512-6rt+RN7aOi1nGMyC4Xa5DdYiukl2UWCbcJft7YhxReBGQD7OAM8Pbxw6YMo4r2diNEA8FEmu32YOn9rhaiE5yw=="
        }
    }
}
