{
    "name": "@cerioom/nats",
    "version": "0.9.9",
    "lockfileVersion": 1,
    "requires": true,
    "dependencies": {
        "@cerioom/core": {
            "version": "0.9.5",
            "resolved": "https://registry.npmjs.org/@cerioom/core/-/core-0.9.5.tgz",
            "integrity": "sha512-mpn/NFGVtfX1ScmDjN5nKu6aoIopVvEZwO9LfY/ziGpQ0V831sz3SFGAqP/5qIvd0uE6ELwNb1tGPKnuVcpK5w==",
            "requires": {
                "lodash": "^4.17.20"
            }
        },
        "@cerioom/event-bus": {
            "version": "0.9.5",
            "resolved": "https://registry.npmjs.org/@cerioom/event-bus/-/event-bus-0.9.5.tgz",
            "integrity": "sha512-tax/QtZHLwCjJsfp3ZivmOh05mrE/satIYeMkTRl6u0Nnk3Gx355ozWf3mToZd6UQ0W+057FAQi+z3yXJ3lmnQ==",
            "requires": {
                "@cerioom/core": "^0.9.5",
                "eventemitter2": "^6.4.3"
            }
        },
        "@cerioom/resource": {
            "version": "0.9.5",
            "resolved": "https://registry.npmjs.org/@cerioom/resource/-/resource-0.9.5.tgz",
            "integrity": "sha512-21zXh1zUw3PNxwOHBDFCHWNDSS9A+nR+rMUdD0+FSmHzQUY0CDXpxI6rb3d5p3weqYxeemUzuwL8QMSWZzuNEQ==",
            "requires": {
                "@cerioom/core": "^0.9.5"
            }
        },
        "eventemitter2": {
            "version": "6.4.4",
            "resolved": "https://registry.npmjs.org/eventemitter2/-/eventemitter2-6.4.4.tgz",
            "integrity": "sha512-HLU3NDY6wARrLCEwyGKRBvuWYyvW6mHYv72SJJAH3iJN3a6eVUvkjFkcxah1bcTgGVBBrFdIopBJPhCQFMLyXw=="
        },
        "fastify-plugin": {
            "version": "3.0.0",
            "resolved": "https://registry.npmjs.org/fastify-plugin/-/fastify-plugin-3.0.0.tgz",
            "integrity": "sha512-ZdCvKEEd92DNLps5n0v231Bha8bkz1DjnPP/aEz37rz/q42Z5JVLmgnqR4DYuNn3NXAO3IDCPyRvgvxtJ4Ym4w=="
        },
        "google-protobuf": {
            "version": "3.14.0",
            "resolved": "https://registry.npmjs.org/google-protobuf/-/google-protobuf-3.14.0.tgz",
            "integrity": "sha512-bwa8dBuMpOxg7COyqkW6muQuvNnWgVN8TX/epDRGW5m0jcrmq2QJyCyiV8ZE2/6LaIIqJtiv9bYokFhfpy/o6w=="
        },
        "lodash": {
            "version": "4.17.21",
            "resolved": "https://registry.npmjs.org/lodash/-/lodash-4.17.21.tgz",
            "integrity": "sha512-v2kDEe57lecTulaDIuNTPy3Ry4gLGJ6Z1O3vE1krgXZNrsQ+LFTGHVxVjcXPs17LhbZVGedAJv8XZ1tvj5FvSg=="
        },
        "middie": {
            "version": "5.2.0",
            "resolved": "https://registry.npmjs.org/middie/-/middie-5.2.0.tgz",
            "integrity": "sha512-QSrtYKyeGfdrsUzpwo6/NtPeac56CkPJpsVbGRaPE+7ekfrcfbdobjFiUFELYtDCUJpmLsXlOZtM4JE8YPvCcQ==",
            "requires": {
                "fastify-plugin": "^3.0.0",
                "path-to-regexp": "^6.1.0",
                "reusify": "^1.0.4"
            }
        },
        "nats": {
            "version": "1.4.12",
            "resolved": "https://registry.npmjs.org/nats/-/nats-1.4.12.tgz",
            "integrity": "sha512-Jf4qesEF0Ay0D4AMw3OZnKMRTQm+6oZ5q8/m4gpy5bTmiDiK6wCXbZpzEslmezGpE93LV3RojNEG6dpK/mysLQ==",
            "requires": {
                "nuid": "^1.1.4",
                "ts-nkeys": "^1.0.16"
            }
        },
        "node-nats-streaming": {
            "version": "0.3.2",
            "resolved": "https://registry.npmjs.org/node-nats-streaming/-/node-nats-streaming-0.3.2.tgz",
            "integrity": "sha512-exeT+FwGYW3UbBSzu8a7ykwWoY6R/vjQLr1RoZ1gnoJ9F66WVvpMZQWCZzLxlf9XRpJTTygcp6P1+WRw9h07Sg==",
            "requires": {
                "google-protobuf": "^3.11.2",
                "nats": "^1.4.9",
                "nuid": "^1.1.4"
            }
        },
        "nuid": {
            "version": "1.1.4",
            "resolved": "https://registry.npmjs.org/nuid/-/nuid-1.1.4.tgz",
            "integrity": "sha512-PXiYyHhGfrq8H4g5HyC8enO1lz6SBe5z6x1yx/JG4tmADzDGJVQy3l1sRf3VtEvPsN8dGn9hRFRwDKWL62x0BA=="
        },
        "path-to-regexp": {
            "version": "6.2.0",
            "resolved": "https://registry.npmjs.org/path-to-regexp/-/path-to-regexp-6.2.0.tgz",
            "integrity": "sha512-f66KywYG6+43afgE/8j/GoiNyygk/bnoCbps++3ErRKsIYkGGupyv07R2Ok5m9i67Iqc+T2g1eAUGUPzWhYTyg=="
        },
        "reusify": {
            "version": "1.0.4",
            "resolved": "https://registry.npmjs.org/reusify/-/reusify-1.0.4.tgz",
            "integrity": "sha512-U9nH88a3fc/ekCF1l0/UP1IosiuIjyTh7hBvXVMHYgVcfGvt897Xguj2UOLDeI5BG2m7/uwyaLVT6fbtCwTyzw=="
        },
        "ts-nats": {
            "version": "1.2.15",
            "resolved": "https://registry.npmjs.org/ts-nats/-/ts-nats-1.2.15.tgz",
            "integrity": "sha512-5dNokE+DpCcxfmfzDEid1P9awOUo7EfIzYnL175jCi/L8NpFFjgTdwqR/DsqYBPC4dk7MrOkwrZK8tM8z+i3rw==",
            "requires": {
                "nuid": "^1.1.4",
                "ts-nkeys": "^1.0.16"
            }
        },
        "ts-nkeys": {
            "version": "1.0.16",
            "resolved": "https://registry.npmjs.org/ts-nkeys/-/ts-nkeys-1.0.16.tgz",
            "integrity": "sha512-1qrhAlavbm36wtW+7NtKOgxpzl+70NTF8xlz9mEhiA5zHMlMxjj3sEVKWm3pGZhHXE0Q3ykjrj+OSRVaYw+Dqg==",
            "requires": {
                "tweetnacl": "^1.0.3"
            }
        },
        "tweetnacl": {
            "version": "1.0.3",
            "resolved": "https://registry.npmjs.org/tweetnacl/-/tweetnacl-1.0.3.tgz",
            "integrity": "sha512-6rt+RN7aOi1nGMyC4Xa5DdYiukl2UWCbcJft7YhxReBGQD7OAM8Pbxw6YMo4r2diNEA8FEmu32YOn9rhaiE5yw=="
        }
    }
}
