{
    "name": "@cerioom/nats",
    "version": "0.10.13",
    "lockfileVersion": 1,
    "requires": true,
    "dependencies": {
        "@cerioom/core": {
            "version": "0.10.12",
            "resolved": "https://registry.npmjs.org/@cerioom/core/-/core-0.10.12.tgz",
            "integrity": "sha512-yacWGLtak+Bjz3kq2skpIlDUKHm35nBnZXaj57oeGRXdiS0RCu5ztBrBBVVu8vp1t8KdmqZoEJCtmdgdsPtw7A==",
            "requires": {
                "lodash": "^4.17.20",
                "reflect-metadata": "^0.1.13",
                "shamirs-secret-sharing": "^1.0.1"
            }
        },
        "@cerioom/event-bus": {
            "version": "0.10.13",
            "resolved": "https://registry.npmjs.org/@cerioom/event-bus/-/event-bus-0.10.13.tgz",
            "integrity": "sha512-+YtXLotpm6n67AKQ6qICOtFKxSRysgg64yYUVdkEkREN0wZK+HBDwdlSLsqpGUQ/1mw/QWjpKTsQrZY4roHVNw==",
            "requires": {
                "@cerioom/core": "^0.10.12",
                "eventemitter2": "^6.4.4",
                "reflect-metadata": "^0.1.13"
            }
        },
        "@cerioom/resource": {
            "version": "0.10.12",
            "resolved": "https://registry.npmjs.org/@cerioom/resource/-/resource-0.10.12.tgz",
            "integrity": "sha512-o6EFxarGCkypCfEDc118ZbVC2KV4OT/yXcgQQ+FGeL/Ma2eVsYQOL6tC77YTUW6wO4DHbp8B1f+kn8UP1MGrfw==",
            "requires": {
                "@cerioom/core": "^0.10.12",
                "reflect-metadata": "^0.1.13"
            }
        },
        "@types/node": {
            "version": "14.17.2",
            "resolved": "https://registry.npmjs.org/@types/node/-/node-14.17.2.tgz",
            "integrity": "sha512-sld7b/xmFum66AAKuz/rp/CUO8+98fMpyQ3SBfzzBNGMd/1iHBTAg9oyAvcYlAj46bpc74r91jSw2iFdnx29nw=="
        },
        "eventemitter2": {
            "version": "6.4.4",
            "resolved": "https://registry.npmjs.org/eventemitter2/-/eventemitter2-6.4.4.tgz",
            "integrity": "sha512-HLU3NDY6wARrLCEwyGKRBvuWYyvW6mHYv72SJJAH3iJN3a6eVUvkjFkcxah1bcTgGVBBrFdIopBJPhCQFMLyXw=="
        },
        "google-protobuf": {
            "version": "3.14.0",
            "resolved": "https://registry.npmjs.org/google-protobuf/-/google-protobuf-3.14.0.tgz",
            "integrity": "sha512-bwa8dBuMpOxg7COyqkW6muQuvNnWgVN8TX/epDRGW5m0jcrmq2QJyCyiV8ZE2/6LaIIqJtiv9bYokFhfpy/o6w=="
        },
        "lodash": {
            "version": "4.17.21",
            "resolved": "https://registry.npmjs.org/lodash/-/lodash-4.17.21.tgz",
            "integrity": "sha512-v2kDEe57lecTulaDIuNTPy3Ry4gLGJ6Z1O3vE1krgXZNrsQ+LFTGHVxVjcXPs17LhbZVGedAJv8XZ1tvj5FvSg=="
        },
        "nats": {
            "version": "2.0.6",
            "resolved": "https://registry.npmjs.org/nats/-/nats-2.0.6.tgz",
            "integrity": "sha512-Tpv50RuMVvYDNnBuoIxqtWB4nRVELR4cB+/RqXIIZ/mdrdx1mV+iL7Ibor7gPq6KJrP2B4jZzQSqOTyBV+UlpQ==",
            "requires": {
                "nkeys.js": "^1.0.0-9"
            }
        },
        "nkeys.js": {
            "version": "1.0.0-9",
            "resolved": "https://registry.npmjs.org/nkeys.js/-/nkeys.js-1.0.0-9.tgz",
            "integrity": "sha512-m9O0NQT+3rUe1om6MWpxV77EuHql/LdorDH+FYQkoeARcM2V0sQ89kM36fArWaHWq/25EmNmQUW0MhLTcbqW1A==",
            "requires": {
                "@types/node": "^14.0.26",
                "tweetnacl": "^1.0.3"
            }
        },
        "node-nats-streaming": {
            "version": "0.3.2",
            "resolved": "https://registry.npmjs.org/node-nats-streaming/-/node-nats-streaming-0.3.2.tgz",
            "integrity": "sha512-exeT+FwGYW3UbBSzu8a7ykwWoY6R/vjQLr1RoZ1gnoJ9F66WVvpMZQWCZzLxlf9XRpJTTygcp6P1+WRw9h07Sg==",
            "requires": {
                "google-protobuf": "^3.11.2",
                "nats": "^1.4.9",
                "nuid": "^1.1.4"
            },
            "dependencies": {
                "nats": {
                    "version": "1.4.12",
                    "resolved": "https://registry.npmjs.org/nats/-/nats-1.4.12.tgz",
                    "integrity": "sha512-Jf4qesEF0Ay0D4AMw3OZnKMRTQm+6oZ5q8/m4gpy5bTmiDiK6wCXbZpzEslmezGpE93LV3RojNEG6dpK/mysLQ==",
                    "requires": {
                        "nuid": "^1.1.4",
                        "ts-nkeys": "^1.0.16"
                    }
                }
            }
        },
        "nuid": {
            "version": "1.1.4",
            "resolved": "https://registry.npmjs.org/nuid/-/nuid-1.1.4.tgz",
            "integrity": "sha512-PXiYyHhGfrq8H4g5HyC8enO1lz6SBe5z6x1yx/JG4tmADzDGJVQy3l1sRf3VtEvPsN8dGn9hRFRwDKWL62x0BA=="
        },
        "reflect-metadata": {
            "version": "0.1.13",
            "resolved": "https://registry.npmjs.org/reflect-metadata/-/reflect-metadata-0.1.13.tgz",
            "integrity": "sha512-Ts1Y/anZELhSsjMcU605fU9RE4Oi3p5ORujwbIKXfWa+0Zxs510Qrmrce5/Jowq3cHSZSJqBjypxmHarc+vEWg=="
        },
        "shamirs-secret-sharing": {
            "version": "1.0.1",
            "resolved": "https://registry.npmjs.org/shamirs-secret-sharing/-/shamirs-secret-sharing-1.0.1.tgz",
            "integrity": "sha512-+sbTZJfis6EtDZTgkf0gSUahXDDuFRY8GK0DUw0lXqMDN54a5ywLD6D2sab45AA2SLQxTS4gB0kUmelNVaPVlA=="
        },
        "ts-nats": {
            "version": "1.2.15",
            "resolved": "https://registry.npmjs.org/ts-nats/-/ts-nats-1.2.15.tgz",
            "integrity": "sha512-5dNokE+DpCcxfmfzDEid1P9awOUo7EfIzYnL175jCi/L8NpFFjgTdwqR/DsqYBPC4dk7MrOkwrZK8tM8z+i3rw==",
            "dev": true,
            "requires": {
                "nuid": "^1.1.4",
                "ts-nkeys": "^1.0.16"
            }
        },
        "ts-nkeys": {
            "version": "1.0.16",
            "resolved": "https://registry.npmjs.org/ts-nkeys/-/ts-nkeys-1.0.16.tgz",
            "integrity": "sha512-1qrhAlavbm36wtW+7NtKOgxpzl+70NTF8xlz9mEhiA5zHMlMxjj3sEVKWm3pGZhHXE0Q3ykjrj+OSRVaYw+Dqg==",
            "requires": {
                "tweetnacl": "^1.0.3"
            }
        },
        "tweetnacl": {
            "version": "1.0.3",
            "resolved": "https://registry.npmjs.org/tweetnacl/-/tweetnacl-1.0.3.tgz",
            "integrity": "sha512-6rt+RN7aOi1nGMyC4Xa5DdYiukl2UWCbcJft7YhxReBGQD7OAM8Pbxw6YMo4r2diNEA8FEmu32YOn9rhaiE5yw=="
        }
    }
}
