{
    "name": "@cerioom/http",
    "version": "0.0.23",
    "lockfileVersion": 1,
    "requires": true,
    "dependencies": {
        "@cerioom/core": {
            "version": "0.0.19",
            "resolved": "https://registry.npmjs.org/@cerioom/core/-/core-0.0.19.tgz",
            "integrity": "sha512-C6RXcSu5p61ahDeUNure5M22dUtfpu/BCj5aC79PCSY9M0dGdETvPRc5AeCUNQrRGoWoemWYqqe3hsETqMuzUg==",
            "requires": {
                "lodash": "^4.17.20"
            }
        },
        "lodash": {
            "version": "4.17.20",
            "resolved": "https://registry.npmjs.org/lodash/-/lodash-4.17.20.tgz",
            "integrity": "sha512-PlhdFcillOINfeV7Ni6oF1TAEayyZBoZ8bcshTHqOYJYlrqzRK5hagpagky5o4HfCzzd1TRkXPMFq6cKk9rGmA=="
        }
    }
}
