{
    "name": "@cerioom/http",
    "version": "0.5.3",
    "lockfileVersion": 1,
    "requires": true,
    "dependencies": {
        "@cerioom/core": {
            "version": "0.5.2",
            "resolved": "https://registry.npmjs.org/@cerioom/core/-/core-0.5.2.tgz",
            "integrity": "sha512-EfoJGVEsnIupdr24U3EDZnhCWn0f52KVmnV+FTg+uEmZWjhRv0dwDLUPd3C2ss4n/KEcugkSaWxoIlMs+ZbCEw==",
            "requires": {
                "lodash": "^4.17.20"
            }
        },
        "lodash": {
            "version": "4.17.21",
            "resolved": "https://registry.npmjs.org/lodash/-/lodash-4.17.21.tgz",
            "integrity": "sha512-v2kDEe57lecTulaDIuNTPy3Ry4gLGJ6Z1O3vE1krgXZNrsQ+LFTGHVxVjcXPs17LhbZVGedAJv8XZ1tvj5FvSg=="
        }
    }
}
