{
    "name": "@cerioom/http",
    "version": "0.10.4",
    "lockfileVersion": 1,
    "requires": true,
    "dependencies": {
        "@cerioom/core": {
            "version": "0.10.3",
            "resolved": "https://registry.npmjs.org/@cerioom/core/-/core-0.10.3.tgz",
            "integrity": "sha512-KJ+Uigprn76054fBbH1MR6JMIgI6tmpx4xH1p1L6Ykkh0XfI3cRC4iwZ8VlP4t/b+aGRbf3XPTOOR7Z9nknQdw==",
            "requires": {
                "lodash": "^4.17.20",
                "reflect-metadata": "^0.1.13"
            }
        },
        "lodash": {
            "version": "4.17.21",
            "resolved": "https://registry.npmjs.org/lodash/-/lodash-4.17.21.tgz",
            "integrity": "sha512-v2kDEe57lecTulaDIuNTPy3Ry4gLGJ6Z1O3vE1krgXZNrsQ+LFTGHVxVjcXPs17LhbZVGedAJv8XZ1tvj5FvSg=="
        },
        "reflect-metadata": {
            "version": "0.1.13",
            "resolved": "https://registry.npmjs.org/reflect-metadata/-/reflect-metadata-0.1.13.tgz",
            "integrity": "sha512-Ts1Y/anZELhSsjMcU605fU9RE4Oi3p5ORujwbIKXfWa+0Zxs510Qrmrce5/Jowq3cHSZSJqBjypxmHarc+vEWg=="
        }
    }
}
