{
    "name": "@cerioom/helpers",
    "version": "0.13.2",
    "lockfileVersion": 2,
    "requires": true,
    "packages": {
        "": {
            "name": "@cerioom/helpers",
            "version": "0.0.1",
            "license": "MIT",
            "dependencies": {
                "lodash": "^4.17.21",
                "reflect-metadata": "^0.1.13",
                "shamirs-secret-sharing": "^1.0.1"
            },
            "devDependencies": {},
            "engines": {
                "node": ">= 14"
            }
        },
        "node_modules/lodash": {
            "version": "4.17.21",
            "resolved": "https://registry.npmjs.org/lodash/-/lodash-4.17.21.tgz",
            "integrity": "sha512-v2kDEe57lecTulaDIuNTPy3Ry4gLGJ6Z1O3vE1krgXZNrsQ+LFTGHVxVjcXPs17LhbZVGedAJv8XZ1tvj5FvSg=="
        },
        "node_modules/reflect-metadata": {
            "version": "0.1.13",
            "resolved": "https://registry.npmjs.org/reflect-metadata/-/reflect-metadata-0.1.13.tgz",
            "integrity": "sha512-Ts1Y/anZELhSsjMcU605fU9RE4Oi3p5ORujwbIKXfWa+0Zxs510Qrmrce5/Jowq3cHSZSJqBjypxmHarc+vEWg=="
        },
        "node_modules/shamirs-secret-sharing": {
            "version": "1.0.1",
            "resolved": "https://registry.npmjs.org/shamirs-secret-sharing/-/shamirs-secret-sharing-1.0.1.tgz",
            "integrity": "sha512-+sbTZJfis6EtDZTgkf0gSUahXDDuFRY8GK0DUw0lXqMDN54a5ywLD6D2sab45AA2SLQxTS4gB0kUmelNVaPVlA=="
        }
    },
    "dependencies": {
        "lodash": {
            "version": "4.17.21",
            "resolved": "https://registry.npmjs.org/lodash/-/lodash-4.17.21.tgz",
            "integrity": "sha512-v2kDEe57lecTulaDIuNTPy3Ry4gLGJ6Z1O3vE1krgXZNrsQ+LFTGHVxVjcXPs17LhbZVGedAJv8XZ1tvj5FvSg=="
        },
        "reflect-metadata": {
            "version": "0.1.13",
            "resolved": "https://registry.npmjs.org/reflect-metadata/-/reflect-metadata-0.1.13.tgz",
            "integrity": "sha512-Ts1Y/anZELhSsjMcU605fU9RE4Oi3p5ORujwbIKXfWa+0Zxs510Qrmrce5/Jowq3cHSZSJqBjypxmHarc+vEWg=="
        },
        "shamirs-secret-sharing": {
            "version": "1.0.1",
            "resolved": "https://registry.npmjs.org/shamirs-secret-sharing/-/shamirs-secret-sharing-1.0.1.tgz",
            "integrity": "sha512-+sbTZJfis6EtDZTgkf0gSUahXDDuFRY8GK0DUw0lXqMDN54a5ywLD6D2sab45AA2SLQxTS4gB0kUmelNVaPVlA=="
        }
    }
}
