{
    "name": "@cerioom/permission",
    "version": "0.0.19",
    "lockfileVersion": 1,
    "requires": true,
    "dependencies": {
        "@cerioom/core": {
            "version": "0.0.15",
            "resolved": "https://registry.npmjs.org/@cerioom/core/-/core-0.0.15.tgz",
            "integrity": "sha512-6NOv0KNsDUnRA3gb6nsD7KVAdXVy8xYjBbtejDwEpL/QGhYjwQM/P6NMa0hm4+tmKfnzAPNpEzNjGiuINcERTQ==",
            "requires": {
                "lodash": "^4.17.20"
            }
        },
        "lodash": {
            "version": "4.17.20",
            "resolved": "https://registry.npmjs.org/lodash/-/lodash-4.17.20.tgz",
            "integrity": "sha512-PlhdFcillOINfeV7Ni6oF1TAEayyZBoZ8bcshTHqOYJYlrqzRK5hagpagky5o4HfCzzd1TRkXPMFq6cKk9rGmA=="
        }
    }
}
