{
    "name": "@cerioom/flake-id",
    "version": "0.6.1",
    "lockfileVersion": 1,
    "requires": true,
    "dependencies": {
        "@cerioom/core": {
            "version": "0.5.3",
            "resolved": "https://registry.npmjs.org/@cerioom/core/-/core-0.5.3.tgz",
            "integrity": "sha512-f+WFtaKx3GD5W+R/8C2FN/T1mJeGnsG5OBsz8PyR2Itbp4RaAsTcdre0yLvTX2NRkNxjSCzynuyFTNDbwL4duw==",
            "requires": {
                "lodash": "^4.17.20"
            }
        },
        "@types/flake-idgen": {
            "version": "0.1.30",
            "resolved": "https://registry.npmjs.org/@types/flake-idgen/-/flake-idgen-0.1.30.tgz",
            "integrity": "sha512-wPNqOGLe7Gu6EeWbYcTkPeAJxMJZq5qwLA9v7QkGxv6b1Kcxzf1IVQgljK6yRlEsHQMXjWKi12cjzH21KQygFw==",
            "dev": true,
            "requires": {
                "@types/node": "*"
            }
        },
        "@types/node": {
            "version": "14.14.25",
            "resolved": "https://registry.npmjs.org/@types/node/-/node-14.14.25.tgz",
            "integrity": "sha512-EPpXLOVqDvisVxtlbvzfyqSsFeQxltFbluZNRndIb8tr9KiBnYNLzrc1N3pyKUCww2RNrfHDViqDWWE1LCJQtQ==",
            "dev": true
        },
        "bigint-base-converter": {
            "version": "0.1.2",
            "resolved": "https://registry.npmjs.org/bigint-base-converter/-/bigint-base-converter-0.1.2.tgz",
            "integrity": "sha1-fvH3u1BeA5hlq4zT8Sz8IXqcA/8="
        },
        "flake-idgen": {
            "version": "1.4.0",
            "resolved": "https://registry.npmjs.org/flake-idgen/-/flake-idgen-1.4.0.tgz",
            "integrity": "sha512-l+dtBcIAwAPqmtDelZAAw0NzKOBosiu/3hAFH69W3n1rH8wkKN1hUp6SaR1tmH/NmzaCUQs1BFKULKVhqGWdMw=="
        },
        "lodash": {
            "version": "4.17.21",
            "resolved": "https://registry.npmjs.org/lodash/-/lodash-4.17.21.tgz",
            "integrity": "sha512-v2kDEe57lecTulaDIuNTPy3Ry4gLGJ6Z1O3vE1krgXZNrsQ+LFTGHVxVjcXPs17LhbZVGedAJv8XZ1tvj5FvSg=="
        }
    }
}
