{
    "name": "@cerioom/uuid",
    "version": "0.0.37",
    "lockfileVersion": 1,
    "requires": true,
    "dependencies": {
        "@cerioom/core": {
            "version": "0.0.35",
            "resolved": "https://registry.npmjs.org/@cerioom/core/-/core-0.0.35.tgz",
            "integrity": "sha512-tBcCKM7On0+w/SW9ATFIK/HwZZWC8MbCcbrXxi40CjlqJ9hlptLtaqeCT43S/cpix5BEJP/p5t+Y97mgSTJVRg==",
            "requires": {
                "lodash": "^4.17.20"
            }
        },
        "lodash": {
            "version": "4.17.20",
            "resolved": "https://registry.npmjs.org/lodash/-/lodash-4.17.20.tgz",
            "integrity": "sha512-PlhdFcillOINfeV7Ni6oF1TAEayyZBoZ8bcshTHqOYJYlrqzRK5hagpagky5o4HfCzzd1TRkXPMFq6cKk9rGmA=="
        },
        "uuid": {
            "version": "8.3.2",
            "resolved": "https://registry.npmjs.org/uuid/-/uuid-8.3.2.tgz",
            "integrity": "sha512-+NYs2QeMWy+GWFOEm9xnn6HCDp0l7QBD7ml8zLUmJ+93Q5NF0NocErnwkTkXVFNiX3/fpC6afS8Dhb/gz7R7eg=="
        }
    }
}
