{
    "name": "@cerioom/phone-number",
    "version": "0.0.27",
    "lockfileVersion": 1,
    "requires": true,
    "dependencies": {
        "@cerioom/core": {
            "version": "0.0.24",
            "resolved": "https://registry.npmjs.org/@cerioom/core/-/core-0.0.24.tgz",
            "integrity": "sha512-Qq3fLLApsLe3GXfcFY9rsUXhrn0lyu07hfMiup/RFLYzLqJf8ySZVPcQuWlLinUGmqcDzpULg0SMGhz292UhfA==",
            "requires": {
                "lodash": "^4.17.20"
            }
        },
        "google-libphonenumber": {
            "version": "3.2.16",
            "resolved": "https://registry.npmjs.org/google-libphonenumber/-/google-libphonenumber-3.2.16.tgz",
            "integrity": "sha512-9Gzn78fJvCuNPYnbmUFFLhL0A4qBbSBs11+3cLKNuZX3lWKJ+1pSVS0C2bq0Yjq00cW2e8LZkHAxl+MQRGxGWA=="
        },
        "lodash": {
            "version": "4.17.20",
            "resolved": "https://registry.npmjs.org/lodash/-/lodash-4.17.20.tgz",
            "integrity": "sha512-PlhdFcillOINfeV7Ni6oF1TAEayyZBoZ8bcshTHqOYJYlrqzRK5hagpagky5o4HfCzzd1TRkXPMFq6cKk9rGmA=="
        }
    }
}
