{
    "name": "@cerioom/phone-number",
    "version": "0.8.0",
    "lockfileVersion": 1,
    "requires": true,
    "dependencies": {
        "@cerioom/core": {
            "version": "0.7.0",
            "resolved": "https://registry.npmjs.org/@cerioom/core/-/core-0.7.0.tgz",
            "integrity": "sha512-Yrw/hN112gMkHkJ9bdlK7AG9LAqs+H59K1sIxeHOj9S6bQNlIm1P7vVl9cliG13XJYuGSHoLMHWOA+E3CmwjAA==",
            "requires": {
                "lodash": "^4.17.20"
            }
        },
        "google-libphonenumber": {
            "version": "3.2.16",
            "resolved": "https://registry.npmjs.org/google-libphonenumber/-/google-libphonenumber-3.2.16.tgz",
            "integrity": "sha512-9Gzn78fJvCuNPYnbmUFFLhL0A4qBbSBs11+3cLKNuZX3lWKJ+1pSVS0C2bq0Yjq00cW2e8LZkHAxl+MQRGxGWA=="
        },
        "lodash": {
            "version": "4.17.21",
            "resolved": "https://registry.npmjs.org/lodash/-/lodash-4.17.21.tgz",
            "integrity": "sha512-v2kDEe57lecTulaDIuNTPy3Ry4gLGJ6Z1O3vE1krgXZNrsQ+LFTGHVxVjcXPs17LhbZVGedAJv8XZ1tvj5FvSg=="
        }
    }
}
