{
    "name": "@cerioom/event-bus",
    "version": "0.4.0",
    "lockfileVersion": 1,
    "requires": true,
    "dependencies": {
        "@cerioom/core": {
            "version": "0.3.2",
            "resolved": "https://registry.npmjs.org/@cerioom/core/-/core-0.3.2.tgz",
            "integrity": "sha512-sYA1C1wfM7X8kLZnFL8wkPz+rX3URVH3KM3b4WBoXOBwFByFDxTO1pUBQACLwRPT+IFoDx9phefpMEQRV4Va7Q==",
            "requires": {
                "lodash": "^4.17.20"
            }
        },
        "eventemitter2": {
            "version": "6.4.3",
            "resolved": "https://registry.npmjs.org/eventemitter2/-/eventemitter2-6.4.3.tgz",
            "integrity": "sha512-t0A2msp6BzOf+QAcI6z9XMktLj52OjGQg+8SJH6v5+3uxNpWYRR3wQmfA+6xtMU9kOC59qk9licus5dYcrYkMQ=="
        },
        "lodash": {
            "version": "4.17.21",
            "resolved": "https://registry.npmjs.org/lodash/-/lodash-4.17.21.tgz",
            "integrity": "sha512-v2kDEe57lecTulaDIuNTPy3Ry4gLGJ6Z1O3vE1krgXZNrsQ+LFTGHVxVjcXPs17LhbZVGedAJv8XZ1tvj5FvSg=="
        }
    }
}
