{
    "name": "@cerioom/event-bus",
    "version": "0.0.18",
    "lockfileVersion": 1,
    "requires": true,
    "dependencies": {
        "@cerioom/core": {
            "version": "0.0.15",
            "resolved": "https://registry.npmjs.org/@cerioom/core/-/core-0.0.15.tgz",
            "integrity": "sha512-6NOv0KNsDUnRA3gb6nsD7KVAdXVy8xYjBbtejDwEpL/QGhYjwQM/P6NMa0hm4+tmKfnzAPNpEzNjGiuINcERTQ==",
            "requires": {
                "lodash": "^4.17.20"
            }
        },
        "eventemitter2": {
            "version": "6.4.3",
            "resolved": "https://registry.npmjs.org/eventemitter2/-/eventemitter2-6.4.3.tgz",
            "integrity": "sha512-t0A2msp6BzOf+QAcI6z9XMktLj52OjGQg+8SJH6v5+3uxNpWYRR3wQmfA+6xtMU9kOC59qk9licus5dYcrYkMQ=="
        },
        "lodash": {
            "version": "4.17.20",
            "resolved": "https://registry.npmjs.org/lodash/-/lodash-4.17.20.tgz",
            "integrity": "sha512-PlhdFcillOINfeV7Ni6oF1TAEayyZBoZ8bcshTHqOYJYlrqzRK5hagpagky5o4HfCzzd1TRkXPMFq6cKk9rGmA=="
        }
    }
}
