{
    "name": "@cerioom/event-bus",
    "version": "0.10.19",
    "lockfileVersion": 2,
    "requires": true,
    "packages": {
        "": {
            "name": "@cerioom/event-bus",
            "version": "0.10.19",
            "license": "MIT",
            "dependencies": {
                "@cerioom/core": "^0.10.19",
                "eventemitter2": "^6.4.4",
                "reflect-metadata": "^0.1.13"
            },
            "engines": {
                "node": ">= 14"
            }
        },
        "node_modules/@cerioom/core": {
            "version": "0.10.19",
            "resolved": "https://registry.npmjs.org/@cerioom/core/-/core-0.10.19.tgz",
            "integrity": "sha512-GzeLxD6PFdUshKGij5MbOYjfSm5Dw85KsTKUK95zP5D6vgWuZg0fImbRV/vlK2IbEJCqUI4NL0X8ybJRBx0djg==",
            "dependencies": {
                "lodash": "^4.17.20",
                "reflect-metadata": "^0.1.13",
                "shamirs-secret-sharing": "^1.0.1"
            },
            "engines": {
                "node": ">= 14"
            }
        },
        "node_modules/eventemitter2": {
            "version": "6.4.4",
            "resolved": "https://registry.npmjs.org/eventemitter2/-/eventemitter2-6.4.4.tgz",
            "integrity": "sha512-HLU3NDY6wARrLCEwyGKRBvuWYyvW6mHYv72SJJAH3iJN3a6eVUvkjFkcxah1bcTgGVBBrFdIopBJPhCQFMLyXw=="
        },
        "node_modules/lodash": {
            "version": "4.17.21",
            "resolved": "https://registry.npmjs.org/lodash/-/lodash-4.17.21.tgz",
            "integrity": "sha512-v2kDEe57lecTulaDIuNTPy3Ry4gLGJ6Z1O3vE1krgXZNrsQ+LFTGHVxVjcXPs17LhbZVGedAJv8XZ1tvj5FvSg=="
        },
        "node_modules/reflect-metadata": {
            "version": "0.1.13",
            "resolved": "https://registry.npmjs.org/reflect-metadata/-/reflect-metadata-0.1.13.tgz",
            "integrity": "sha512-Ts1Y/anZELhSsjMcU605fU9RE4Oi3p5ORujwbIKXfWa+0Zxs510Qrmrce5/Jowq3cHSZSJqBjypxmHarc+vEWg=="
        },
        "node_modules/shamirs-secret-sharing": {
            "version": "1.0.1",
            "resolved": "https://registry.npmjs.org/shamirs-secret-sharing/-/shamirs-secret-sharing-1.0.1.tgz",
            "integrity": "sha512-+sbTZJfis6EtDZTgkf0gSUahXDDuFRY8GK0DUw0lXqMDN54a5ywLD6D2sab45AA2SLQxTS4gB0kUmelNVaPVlA=="
        }
    },
    "dependencies": {
        "@cerioom/core": {
            "version": "0.10.19",
            "resolved": "https://registry.npmjs.org/@cerioom/core/-/core-0.10.19.tgz",
            "integrity": "sha512-GzeLxD6PFdUshKGij5MbOYjfSm5Dw85KsTKUK95zP5D6vgWuZg0fImbRV/vlK2IbEJCqUI4NL0X8ybJRBx0djg==",
            "requires": {
                "lodash": "^4.17.20",
                "reflect-metadata": "^0.1.13",
                "shamirs-secret-sharing": "^1.0.1"
            }
        },
        "eventemitter2": {
            "version": "6.4.4",
            "resolved": "https://registry.npmjs.org/eventemitter2/-/eventemitter2-6.4.4.tgz",
            "integrity": "sha512-HLU3NDY6wARrLCEwyGKRBvuWYyvW6mHYv72SJJAH3iJN3a6eVUvkjFkcxah1bcTgGVBBrFdIopBJPhCQFMLyXw=="
        },
        "lodash": {
            "version": "4.17.21",
            "resolved": "https://registry.npmjs.org/lodash/-/lodash-4.17.21.tgz",
            "integrity": "sha512-v2kDEe57lecTulaDIuNTPy3Ry4gLGJ6Z1O3vE1krgXZNrsQ+LFTGHVxVjcXPs17LhbZVGedAJv8XZ1tvj5FvSg=="
        },
        "reflect-metadata": {
            "version": "0.1.13",
            "resolved": "https://registry.npmjs.org/reflect-metadata/-/reflect-metadata-0.1.13.tgz",
            "integrity": "sha512-Ts1Y/anZELhSsjMcU605fU9RE4Oi3p5ORujwbIKXfWa+0Zxs510Qrmrce5/Jowq3cHSZSJqBjypxmHarc+vEWg=="
        },
        "shamirs-secret-sharing": {
            "version": "1.0.1",
            "resolved": "https://registry.npmjs.org/shamirs-secret-sharing/-/shamirs-secret-sharing-1.0.1.tgz",
            "integrity": "sha512-+sbTZJfis6EtDZTgkf0gSUahXDDuFRY8GK0DUw0lXqMDN54a5ywLD6D2sab45AA2SLQxTS4gB0kUmelNVaPVlA=="
        }
    }
}
