{
    "name": "@cerioom/resource",
    "version": "0.5.3",
    "lockfileVersion": 1,
    "requires": true,
    "dependencies": {
        "@cerioom/core": {
            "version": "0.5.3",
            "resolved": "https://registry.npmjs.org/@cerioom/core/-/core-0.5.3.tgz",
            "integrity": "sha512-f+WFtaKx3GD5W+R/8C2FN/T1mJeGnsG5OBsz8PyR2Itbp4RaAsTcdre0yLvTX2NRkNxjSCzynuyFTNDbwL4duw==",
            "requires": {
                "lodash": "^4.17.20"
            }
        },
        "lodash": {
            "version": "4.17.21",
            "resolved": "https://registry.npmjs.org/lodash/-/lodash-4.17.21.tgz",
            "integrity": "sha512-v2kDEe57lecTulaDIuNTPy3Ry4gLGJ6Z1O3vE1krgXZNrsQ+LFTGHVxVjcXPs17LhbZVGedAJv8XZ1tvj5FvSg=="
        }
    }
}
