{
    "name": "@cerioom/resource",
    "version": "0.5.1",
    "lockfileVersion": 1,
    "requires": true,
    "dependencies": {
        "@cerioom/core": {
            "version": "0.5.1",
            "resolved": "https://registry.npmjs.org/@cerioom/core/-/core-0.5.1.tgz",
            "integrity": "sha512-meqyLcorDKCspg9JcsMMBre5MjefV61Qb59rciPXOVP6ouGkL/gTn+rUrN7hieRchKDpnvVGYH+mWcT/pTxsdw==",
            "requires": {
                "lodash": "^4.17.20"
            }
        },
        "lodash": {
            "version": "4.17.21",
            "resolved": "https://registry.npmjs.org/lodash/-/lodash-4.17.21.tgz",
            "integrity": "sha512-v2kDEe57lecTulaDIuNTPy3Ry4gLGJ6Z1O3vE1krgXZNrsQ+LFTGHVxVjcXPs17LhbZVGedAJv8XZ1tvj5FvSg=="
        }
    }
}
