{
    "name": "@cerioom/resource",
    "version": "0.0.1",
    "lockfileVersion": 1,
    "requires": true,
    "dependencies": {
        "@cerioom/core": {
            "version": "0.0.4",
            "resolved": "https://registry.npmjs.org/@cerioom/core/-/core-0.0.4.tgz",
            "integrity": "sha512-1z1eKoDdIgJJNYUK4BJ/42e5e/o+T4zNywRSEKbdbzii2x0wJUU7XqLy022PyQfLrpFBMLTRi5phuCKR6m3Wvg=="
        }
    }
}
