{
    "name": "@cerioom/cache",
    "version": "0.10.9",
    "lockfileVersion": 1,
    "requires": true,
    "dependencies": {
        "@cerioom/core": {
            "version": "0.10.7",
            "resolved": "https://registry.npmjs.org/@cerioom/core/-/core-0.10.7.tgz",
            "integrity": "sha512-kXIy4SIG9pNEefWzbMYNkNUEH7ijajtfLb46cefj6XQ7wdGMYg0uKG8S3gZAshPJdTymaMTraYfdR9U4GS0eYw==",
            "requires": {
                "lodash": "^4.17.20",
                "reflect-metadata": "^0.1.13",
                "shamirs-secret-sharing": "^1.0.1"
            }
        },
        "@types/lru-cache": {
            "version": "5.1.0",
            "resolved": "https://registry.npmjs.org/@types/lru-cache/-/lru-cache-5.1.0.tgz",
            "integrity": "sha512-RaE0B+14ToE4l6UqdarKPnXwVDuigfFv+5j9Dze/Nqr23yyuqdNvzcZi3xB+3Agvi5R4EOgAksfv3lXX4vBt9w==",
            "dev": true
        },
        "lodash": {
            "version": "4.17.21",
            "resolved": "https://registry.npmjs.org/lodash/-/lodash-4.17.21.tgz",
            "integrity": "sha512-v2kDEe57lecTulaDIuNTPy3Ry4gLGJ6Z1O3vE1krgXZNrsQ+LFTGHVxVjcXPs17LhbZVGedAJv8XZ1tvj5FvSg=="
        },
        "lru-cache": {
            "version": "6.0.0",
            "resolved": "https://registry.npmjs.org/lru-cache/-/lru-cache-6.0.0.tgz",
            "integrity": "sha512-Jo6dJ04CmSjuznwJSS3pUeWmd/H0ffTlkXXgwZi+eq1UCmqQwCh+eLsYOYCwY991i2Fah4h1BEMCx4qThGbsiA==",
            "requires": {
                "yallist": "^4.0.0"
            }
        },
        "reflect-metadata": {
            "version": "0.1.13",
            "resolved": "https://registry.npmjs.org/reflect-metadata/-/reflect-metadata-0.1.13.tgz",
            "integrity": "sha512-Ts1Y/anZELhSsjMcU605fU9RE4Oi3p5ORujwbIKXfWa+0Zxs510Qrmrce5/Jowq3cHSZSJqBjypxmHarc+vEWg=="
        },
        "shamirs-secret-sharing": {
            "version": "1.0.1",
            "resolved": "https://registry.npmjs.org/shamirs-secret-sharing/-/shamirs-secret-sharing-1.0.1.tgz",
            "integrity": "sha512-+sbTZJfis6EtDZTgkf0gSUahXDDuFRY8GK0DUw0lXqMDN54a5ywLD6D2sab45AA2SLQxTS4gB0kUmelNVaPVlA=="
        },
        "yallist": {
            "version": "4.0.0",
            "resolved": "https://registry.npmjs.org/yallist/-/yallist-4.0.0.tgz",
            "integrity": "sha512-3wdGidZyq5PB084XLES5TpOSRA3wjXAlIWMhum2kRcv/41Sn2emQ0dycQW4uZXLejwKvg6EsvbdlVL+FYEct7A=="
        }
    }
}
