{
    "name": "@cerioom/currency",
    "version": "0.0.35",
    "lockfileVersion": 1,
    "requires": true,
    "dependencies": {
        "@cerioom/core": {
            "version": "0.0.28",
            "resolved": "https://registry.npmjs.org/@cerioom/core/-/core-0.0.28.tgz",
            "integrity": "sha512-LYEQTy4ifOKm9wp6XrLELQsMg7hxz1HB4rx1PF5CwyTQbkpSsHukTXSDj035fzNT55lXU2QnIbvz/Drj+Ws1yQ==",
            "requires": {
                "lodash": "^4.17.20"
            }
        },
        "@cerioom/resource": {
            "version": "0.0.28",
            "resolved": "https://registry.npmjs.org/@cerioom/resource/-/resource-0.0.28.tgz",
            "integrity": "sha512-5S3/3j81+BJXJy5+i4H4DTJbpySBy+sW+nOF9dDs0o+zj/+djonVdc7UbuUIkA3x1Vh7YcQSFMrRzSgens99Cg==",
            "requires": {
                "@cerioom/core": "^0.0.28"
            }
        },
        "lodash": {
            "version": "4.17.20",
            "resolved": "https://registry.npmjs.org/lodash/-/lodash-4.17.20.tgz",
            "integrity": "sha512-PlhdFcillOINfeV7Ni6oF1TAEayyZBoZ8bcshTHqOYJYlrqzRK5hagpagky5o4HfCzzd1TRkXPMFq6cKk9rGmA=="
        },
        "world-currencies": {
            "version": "0.0.11",
            "resolved": "https://registry.npmjs.org/world-currencies/-/world-currencies-0.0.11.tgz",
            "integrity": "sha512-0y0+KcLFmg4mXiVHhyRXzswrrpRbTWYfVK0Z8LoFa+6+BINnWPtLhuOTX/uqejUo4mSt1p7p+Sir4hpq2p4NyA=="
        }
    }
}
