{
    "name": "@cerioom/currency",
    "version": "0.10.9",
    "lockfileVersion": 1,
    "requires": true,
    "dependencies": {
        "@cerioom/core": {
            "version": "0.10.7",
            "resolved": "https://registry.npmjs.org/@cerioom/core/-/core-0.10.7.tgz",
            "integrity": "sha512-kXIy4SIG9pNEefWzbMYNkNUEH7ijajtfLb46cefj6XQ7wdGMYg0uKG8S3gZAshPJdTymaMTraYfdR9U4GS0eYw==",
            "requires": {
                "lodash": "^4.17.20",
                "reflect-metadata": "^0.1.13",
                "shamirs-secret-sharing": "^1.0.1"
            }
        },
        "@cerioom/resource": {
            "version": "0.10.7",
            "resolved": "https://registry.npmjs.org/@cerioom/resource/-/resource-0.10.7.tgz",
            "integrity": "sha512-aHPYE7/MsgfnC87MFzOquEd2LdcHZL6iXhD7kLrQZniM9OLbiK2RtJlAUIQow4OMQlF4ObaLgmHaVF1ErM+uEA==",
            "requires": {
                "@cerioom/core": "^0.10.7",
                "reflect-metadata": "^0.1.13"
            }
        },
        "lodash": {
            "version": "4.17.21",
            "resolved": "https://registry.npmjs.org/lodash/-/lodash-4.17.21.tgz",
            "integrity": "sha512-v2kDEe57lecTulaDIuNTPy3Ry4gLGJ6Z1O3vE1krgXZNrsQ+LFTGHVxVjcXPs17LhbZVGedAJv8XZ1tvj5FvSg=="
        },
        "reflect-metadata": {
            "version": "0.1.13",
            "resolved": "https://registry.npmjs.org/reflect-metadata/-/reflect-metadata-0.1.13.tgz",
            "integrity": "sha512-Ts1Y/anZELhSsjMcU605fU9RE4Oi3p5ORujwbIKXfWa+0Zxs510Qrmrce5/Jowq3cHSZSJqBjypxmHarc+vEWg=="
        },
        "shamirs-secret-sharing": {
            "version": "1.0.1",
            "resolved": "https://registry.npmjs.org/shamirs-secret-sharing/-/shamirs-secret-sharing-1.0.1.tgz",
            "integrity": "sha512-+sbTZJfis6EtDZTgkf0gSUahXDDuFRY8GK0DUw0lXqMDN54a5ywLD6D2sab45AA2SLQxTS4gB0kUmelNVaPVlA=="
        },
        "world-currencies": {
            "version": "0.0.11",
            "resolved": "https://registry.npmjs.org/world-currencies/-/world-currencies-0.0.11.tgz",
            "integrity": "sha512-0y0+KcLFmg4mXiVHhyRXzswrrpRbTWYfVK0Z8LoFa+6+BINnWPtLhuOTX/uqejUo4mSt1p7p+Sir4hpq2p4NyA=="
        }
    }
}
